
Microsoft Visual Studio Solution File, Format Version 12.00
# Visual Studio 15
VisualStudioVersion = 15.0.27130.2020
MinimumVisualStudioVersion = 10.0.40219.1
Project("{888888A0-9F3D-457C-B088-3A5042F75D52}") = "learn", "project\learn.pyproj", "{2D8A6D26-5F54-4043-9AE4-93BC1A7F4313}"
EndProject
Project("{888888A0-9F3D-457C-B088-3A5042F75D52}") = "run", "project\run.pyproj", "{630A990D-4702-46FD-BBF0-9B410227E52E}"
EndProject
Project("{888888A0-9F3D-457C-B088-3A5042F75D52}") = "test", "project\test.pyproj", "{8AE705AF-9CCE-4818-B4AA-BCEB46ACC0B9}"
EndProject
Project("{2150E333-8FDC-42A3-9474-1A3956D46DE8}") = "Solution Items", "Solution Items", "{36B3256D-B0D5-44BF-A595-ACF292794582}"
	ProjectSection(SolutionItems) = preProject
		src\proc.py = src\proc.py
		README.md = README.md
		data\低音.ust = data\低音.ust
		data\高音.ust = data\高音.ust
	EndProjectSection
EndProject
Global
	GlobalSection(SolutionConfigurationPlatforms) = preSolution
		Debug|Any CPU = Debug|Any CPU
		Release|Any CPU = Release|Any CPU
	EndGlobalSection
	GlobalSection(ProjectConfigurationPlatforms) = postSolution
		{2D8A6D26-5F54-4043-9AE4-93BC1A7F4313}.Debug|Any CPU.ActiveCfg = Debug|Any CPU
		{2D8A6D26-5F54-4043-9AE4-93BC1A7F4313}.Release|Any CPU.ActiveCfg = Release|Any CPU
		{630A990D-4702-46FD-BBF0-9B410227E52E}.Debug|Any CPU.ActiveCfg = Debug|Any CPU
		{630A990D-4702-46FD-BBF0-9B410227E52E}.Release|Any CPU.ActiveCfg = Release|Any CPU
		{8AE705AF-9CCE-4818-B4AA-BCEB46ACC0B9}.Debug|Any CPU.ActiveCfg = Debug|Any CPU
		{8AE705AF-9CCE-4818-B4AA-BCEB46ACC0B9}.Release|Any CPU.ActiveCfg = Release|Any CPU
	EndGlobalSection
	GlobalSection(SolutionProperties) = preSolution
		HideSolutionNode = FALSE
	EndGlobalSection
	GlobalSection(ExtensibilityGlobals) = postSolution
		SolutionGuid = {310BB484-4969-468D-BBA3-476E66CB38FE}
	EndGlobalSection
EndGlobal
